
Microsoft Visual Studio Solution File, Format Version 12.00
# Visual Studio Version 16
VisualStudioVersion = 16.0.31624.102
MinimumVisualStudioVersion = 10.0.40219.1
Project("{9A19103F-16F7-4668-BE54-9A1E7A4F7556}") = "lab3_pitpm", "lab3_pitpm\lab3_pitpm.csproj", "{FF05B904-3987-4CC3-A627-D3A8ED260E88}"
EndProject
Project("{9A19103F-16F7-4668-BE54-9A1E7A4F7556}") = "tests", "tests\tests.csproj", "{47BE1896-2568-427A-A1FC-BC1A54798B10}"
EndProject
Project("{FAE04EC0-301F-11D3-BF4B-00C04F79EFBC}") = "start", "start\start.csproj", "{A1DD4A2E-A942-4B0A-968D-8012D7D5B8D2}"
EndProject
Global
	GlobalSection(SolutionConfigurationPlatforms) = preSolution
		Debug|Any CPU = Debug|Any CPU
		Release|Any CPU = Release|Any CPU
	EndGlobalSection
	GlobalSection(ProjectConfigurationPlatforms) = postSolution
		{FF05B904-3987-4CC3-A627-D3A8ED260E88}.Debug|Any CPU.ActiveCfg = Debug|Any CPU
		{FF05B904-3987-4CC3-A627-D3A8ED260E88}.Debug|Any CPU.Build.0 = Debug|Any CPU
		{FF05B904-3987-4CC3-A627-D3A8ED260E88}.Release|Any CPU.ActiveCfg = Release|Any CPU
		{FF05B904-3987-4CC3-A627-D3A8ED260E88}.Release|Any CPU.Build.0 = Release|Any CPU
		{47BE1896-2568-427A-A1FC-BC1A54798B10}.Debug|Any CPU.ActiveCfg = Debug|Any CPU
		{47BE1896-2568-427A-A1FC-BC1A54798B10}.Debug|Any CPU.Build.0 = Debug|Any CPU
		{47BE1896-2568-427A-A1FC-BC1A54798B10}.Release|Any CPU.ActiveCfg = Release|Any CPU
		{47BE1896-2568-427A-A1FC-BC1A54798B10}.Release|Any CPU.Build.0 = Release|Any CPU
		{A1DD4A2E-A942-4B0A-968D-8012D7D5B8D2}.Debug|Any CPU.ActiveCfg = Debug|Any CPU
		{A1DD4A2E-A942-4B0A-968D-8012D7D5B8D2}.Debug|Any CPU.Build.0 = Debug|Any CPU
		{A1DD4A2E-A942-4B0A-968D-8012D7D5B8D2}.Release|Any CPU.ActiveCfg = Release|Any CPU
		{A1DD4A2E-A942-4B0A-968D-8012D7D5B8D2}.Release|Any CPU.Build.0 = Release|Any CPU
	EndGlobalSection
	GlobalSection(SolutionProperties) = preSolution
		HideSolutionNode = FALSE
	EndGlobalSection
	GlobalSection(ExtensibilityGlobals) = postSolution
		SolutionGuid = {50116A82-ED55-4F0B-B6D1-996C19E30AC6}
	EndGlobalSection
EndGlobal
